
Microsoft Visual Studio Solution File, Format Version 12.00
# Visual Studio 2010
Project("{2150E333-8FDC-42A3-9474-1A3956D46DE8}") = "WKT.Web", "WKT.Web", "{E4E0D993-538A-425B-84A4-78B0EA7F0E85}"
EndProject
Project("{2150E333-8FDC-42A3-9474-1A3956D46DE8}") = "WKT.Core", "WKT.Core", "{C5B3BD79-4846-4E61-B4E8-C8229710B5A9}"
EndProject
Project("{2150E333-8FDC-42A3-9474-1A3956D46DE8}") = "WKT.Service", "WKT.Service", "{48133900-AF51-44A2-842F-96E79E56D66D}"
EndProject
Project("{2150E333-8FDC-42A3-9474-1A3956D46DE8}") = "Tool", "Tool", "{F3D5EC51-6047-4462-9B15-FD0FF69ADB7F}"
EndProject
Project("{2150E333-8FDC-42A3-9474-1A3956D46DE8}") = "WKT.Data", "WKT.Data", "{4CFACC66-7851-4C67-BBB3-85B3F0A8D348}"
EndProject
Project("{2150E333-8FDC-42A3-9474-1A3956D46DE8}") = "Test", "Test", "{E28CE743-A419-4D7D-8534-ED1932818270}"
EndProject
Project("{2150E333-8FDC-42A3-9474-1A3956D46DE8}") = "WKT.Wrapper", "WKT.Wrapper", "{953E8AF5-39B7-4801-A751-E2ACF8647596}"
EndProject
Project("{2150E333-8FDC-42A3-9474-1A3956D46DE8}") = "WKT.Business", "WKT.Business", "{B9E54DC5-AE8C-4155-A878-39D89D7E5A2D}"
EndProject
Project("{2150E333-8FDC-42A3-9474-1A3956D46DE8}") = "WKT.Model", "WKT.Model", "{5DE41A6B-D57C-4D41-8511-52710302BBF2}"
EndProject
Project("{2150E333-8FDC-42A3-9474-1A3956D46DE8}") = ".nuget", ".nuget", "{22C3E5C3-B1CE-4727-8975-B0EC772E0C92}"
	ProjectSection(SolutionItems) = preProject
		.nuget\packages.config = .nuget\packages.config
	EndProjectSection
EndProject
Project("{2150E333-8FDC-42A3-9474-1A3956D46DE8}") = "Solution Items", "Solution Items", "{4955533E-4EC2-4CC9-A634-CA89936D64E4}"
	ProjectSection(SolutionItems) = preProject
		Local.testsettings = Local.testsettings
		TraceAndTestImpact.testsettings = TraceAndTestImpact.testsettings
		WKT2012.vsmdi = WKT2012.vsmdi
	EndProjectSection
EndProject
Project("{FAE04EC0-301F-11D3-BF4B-00C04F79EFBC}") = "Web.Admin", "Web.Admin\Web.Admin.csproj", "{03D28B26-6281-4BBA-8A13-B3DC4E502BB3}"
EndProject
Project("{FAE04EC0-301F-11D3-BF4B-00C04F79EFBC}") = "WKT.Common", "WKT.Common\WKT.Common.csproj", "{E1A15C95-A5CA-45B9-A850-9341DE2B416F}"
EndProject
Project("{FAE04EC0-301F-11D3-BF4B-00C04F79EFBC}") = "WKT.Log", "WKT.Log\WKT.Log.csproj", "{BA831EA9-2B69-4D05-BF93-A1A4618D408C}"
EndProject
Project("{FAE04EC0-301F-11D3-BF4B-00C04F79EFBC}") = "WKT.Cache", "WKT.Cache\WKT.Cache.csproj", "{7DDED5E4-AA70-4CE5-B823-632ECBD6B61B}"
EndProject
Project("{FAE04EC0-301F-11D3-BF4B-00C04F79EFBC}") = "WKT.Config", "WKT.Config\WKT.Config.csproj", "{7D766DEF-62FA-48D2-8896-07976FDF1656}"
EndProject
Project("{FAE04EC0-301F-11D3-BF4B-00C04F79EFBC}") = "WKT.Service.Interface", "WKT.Service.Interface\WKT.Service.Interface.csproj", "{CE1D4327-9DFE-44D9-87F3-816D7C4BEB47}"
EndProject
Project("{FAE04EC0-301F-11D3-BF4B-00C04F79EFBC}") = "WKT.Service", "WKT.Service\WKT.Service.csproj", "{41689037-A8EE-445A-A5D3-420CB9CD2F90}"
EndProject
Project("{FAE04EC0-301F-11D3-BF4B-00C04F79EFBC}") = "WKT.Data.SQL", "WKT.Data.SQL\WKT.Data.SQL.csproj", "{67C8E497-C98C-40DE-9E3F-26146E2499B3}"
EndProject
Project("{FAE04EC0-301F-11D3-BF4B-00C04F79EFBC}") = "WKT.Data.MongoDB", "WKT.Data.MongoDB\WKT.Data.MongoDB.csproj", "{7F3BD1CB-18D7-42C3-9BCD-7158FB440E9A}"
EndProject
Project("{FAE04EC0-301F-11D3-BF4B-00C04F79EFBC}") = "Web.Site", "Web.Site\Web.Site.csproj", "{AC73F963-6CC5-4370-AADF-CC68E12F72FC}"
EndProject
Project("{FAE04EC0-301F-11D3-BF4B-00C04F79EFBC}") = "WKT.BLL", "WKT.BLL\WKT.BLL.csproj", "{0BF0173B-F0C7-42F1-B5F7-41957D042E2C}"
EndProject
Project("{FAE04EC0-301F-11D3-BF4B-00C04F79EFBC}") = "WKT.Model", "WKT.Model\WKT.Model.csproj", "{73BD5439-9F9A-4DCB-A80E-6E3DCD0A0181}"
EndProject
Project("{FAE04EC0-301F-11D3-BF4B-00C04F79EFBC}") = "Web.SiteConsole", "Web.SiteConsole\Web.SiteConsole.csproj", "{7CB09497-418C-4FFC-B4BB-3FEE4630377C}"
EndProject
Project("{FAE04EC0-301F-11D3-BF4B-00C04F79EFBC}") = "WKT.DataAccess", "WKT.DataAccess\WKT.DataAccess.csproj", "{6841607A-746C-42B4-94CC-98EC7C7AE08E}"
EndProject
Project("{FAE04EC0-301F-11D3-BF4B-00C04F79EFBC}") = "WKT.BLL.Interface", "WKT.BLL.Interface\WKT.BLL.Interface.csproj", "{B1ABD199-DBEE-49A9-9C5D-9E50147BCCA9}"
EndProject
Project("{FAE04EC0-301F-11D3-BF4B-00C04F79EFBC}") = "Web.API", "Web.API\Web.API.csproj", "{A7109099-1ACD-4A70-9474-59AA5D9E6CE0}"
EndProject
Project("{FAE04EC0-301F-11D3-BF4B-00C04F79EFBC}") = "WKT.Facade.Service", "WKT.Facade.Service\WKT.Facade.Service.csproj", "{133D3557-E5F8-4E85-825B-40E80EB67120}"
EndProject
Project("{FAE04EC0-301F-11D3-BF4B-00C04F79EFBC}") = "WKT.Facade.Service.Wrapper", "WKT.Facade.Service.Wrapper\WKT.Facade.Service.Wrapper.csproj", "{44AD1F3A-A9DF-457E-B358-A0243184D775}"
EndProject
Project("{FAE04EC0-301F-11D3-BF4B-00C04F79EFBC}") = "WKT.Facade.Service.Interface", "WKT.Facade.Service.Interface\WKT.Facade.Service.Interface.csproj", "{2FF205FB-22AC-40B5-9607-FF1E86DBF685}"
EndProject
Project("{FAE04EC0-301F-11D3-BF4B-00C04F79EFBC}") = "WKT.Service.Wrapper", "WKT.Service.Wrapper\WKT.Service.Wrapper.csproj", "{56661C46-84AC-4810-ACDE-C91275560059}"
EndProject
Project("{FAE04EC0-301F-11D3-BF4B-00C04F79EFBC}") = "Web.Mobile", "Web.Mobile\Web.Mobile.csproj", "{3B890357-A8A9-4775-ABEA-5BC432654F10}"
EndProject
Global
	GlobalSection(TestCaseManagementSettings) = postSolution
		CategoryFile = WKT2012.vsmdi
	EndGlobalSection
	GlobalSection(SolutionConfigurationPlatforms) = preSolution
		Debug|Any CPU = Debug|Any CPU
		Release|Any CPU = Release|Any CPU
	EndGlobalSection
	GlobalSection(ProjectConfigurationPlatforms) = postSolution
		{03D28B26-6281-4BBA-8A13-B3DC4E502BB3}.Debug|Any CPU.ActiveCfg = Debug|Any CPU
		{03D28B26-6281-4BBA-8A13-B3DC4E502BB3}.Debug|Any CPU.Build.0 = Debug|Any CPU
		{03D28B26-6281-4BBA-8A13-B3DC4E502BB3}.Release|Any CPU.ActiveCfg = Release|Any CPU
		{03D28B26-6281-4BBA-8A13-B3DC4E502BB3}.Release|Any CPU.Build.0 = Release|Any CPU
		{E1A15C95-A5CA-45B9-A850-9341DE2B416F}.Debug|Any CPU.ActiveCfg = Debug|Any CPU
		{E1A15C95-A5CA-45B9-A850-9341DE2B416F}.Debug|Any CPU.Build.0 = Debug|Any CPU
		{E1A15C95-A5CA-45B9-A850-9341DE2B416F}.Release|Any CPU.ActiveCfg = Release|Any CPU
		{E1A15C95-A5CA-45B9-A850-9341DE2B416F}.Release|Any CPU.Build.0 = Release|Any CPU
		{BA831EA9-2B69-4D05-BF93-A1A4618D408C}.Debug|Any CPU.ActiveCfg = Debug|Any CPU
		{BA831EA9-2B69-4D05-BF93-A1A4618D408C}.Debug|Any CPU.Build.0 = Debug|Any CPU
		{BA831EA9-2B69-4D05-BF93-A1A4618D408C}.Release|Any CPU.ActiveCfg = Release|Any CPU
		{BA831EA9-2B69-4D05-BF93-A1A4618D408C}.Release|Any CPU.Build.0 = Release|Any CPU
		{7DDED5E4-AA70-4CE5-B823-632ECBD6B61B}.Debug|Any CPU.ActiveCfg = Debug|Any CPU
		{7DDED5E4-AA70-4CE5-B823-632ECBD6B61B}.Debug|Any CPU.Build.0 = Debug|Any CPU
		{7DDED5E4-AA70-4CE5-B823-632ECBD6B61B}.Release|Any CPU.ActiveCfg = Release|Any CPU
		{7DDED5E4-AA70-4CE5-B823-632ECBD6B61B}.Release|Any CPU.Build.0 = Release|Any CPU
		{7D766DEF-62FA-48D2-8896-07976FDF1656}.Debug|Any CPU.ActiveCfg = Debug|Any CPU
		{7D766DEF-62FA-48D2-8896-07976FDF1656}.Debug|Any CPU.Build.0 = Debug|Any CPU
		{7D766DEF-62FA-48D2-8896-07976FDF1656}.Release|Any CPU.ActiveCfg = Release|Any CPU
		{7D766DEF-62FA-48D2-8896-07976FDF1656}.Release|Any CPU.Build.0 = Release|Any CPU
		{CE1D4327-9DFE-44D9-87F3-816D7C4BEB47}.Debug|Any CPU.ActiveCfg = Debug|Any CPU
		{CE1D4327-9DFE-44D9-87F3-816D7C4BEB47}.Debug|Any CPU.Build.0 = Debug|Any CPU
		{CE1D4327-9DFE-44D9-87F3-816D7C4BEB47}.Release|Any CPU.ActiveCfg = Release|Any CPU
		{CE1D4327-9DFE-44D9-87F3-816D7C4BEB47}.Release|Any CPU.Build.0 = Release|Any CPU
		{41689037-A8EE-445A-A5D3-420CB9CD2F90}.Debug|Any CPU.ActiveCfg = Debug|Any CPU
		{41689037-A8EE-445A-A5D3-420CB9CD2F90}.Debug|Any CPU.Build.0 = Debug|Any CPU
		{41689037-A8EE-445A-A5D3-420CB9CD2F90}.Release|Any CPU.ActiveCfg = Release|Any CPU
		{41689037-A8EE-445A-A5D3-420CB9CD2F90}.Release|Any CPU.Build.0 = Release|Any CPU
		{67C8E497-C98C-40DE-9E3F-26146E2499B3}.Debug|Any CPU.ActiveCfg = Debug|Any CPU
		{67C8E497-C98C-40DE-9E3F-26146E2499B3}.Debug|Any CPU.Build.0 = Debug|Any CPU
		{67C8E497-C98C-40DE-9E3F-26146E2499B3}.Release|Any CPU.ActiveCfg = Release|Any CPU
		{67C8E497-C98C-40DE-9E3F-26146E2499B3}.Release|Any CPU.Build.0 = Release|Any CPU
		{7F3BD1CB-18D7-42C3-9BCD-7158FB440E9A}.Debug|Any CPU.ActiveCfg = Debug|Any CPU
		{7F3BD1CB-18D7-42C3-9BCD-7158FB440E9A}.Debug|Any CPU.Build.0 = Debug|Any CPU
		{7F3BD1CB-18D7-42C3-9BCD-7158FB440E9A}.Release|Any CPU.ActiveCfg = Release|Any CPU
		{7F3BD1CB-18D7-42C3-9BCD-7158FB440E9A}.Release|Any CPU.Build.0 = Release|Any CPU
		{AC73F963-6CC5-4370-AADF-CC68E12F72FC}.Debug|Any CPU.ActiveCfg = Debug|Any CPU
		{AC73F963-6CC5-4370-AADF-CC68E12F72FC}.Debug|Any CPU.Build.0 = Debug|Any CPU
		{AC73F963-6CC5-4370-AADF-CC68E12F72FC}.Release|Any CPU.ActiveCfg = Release|Any CPU
		{AC73F963-6CC5-4370-AADF-CC68E12F72FC}.Release|Any CPU.Build.0 = Release|Any CPU
		{0BF0173B-F0C7-42F1-B5F7-41957D042E2C}.Debug|Any CPU.ActiveCfg = Debug|Any CPU
		{0BF0173B-F0C7-42F1-B5F7-41957D042E2C}.Debug|Any CPU.Build.0 = Debug|Any CPU
		{0BF0173B-F0C7-42F1-B5F7-41957D042E2C}.Release|Any CPU.ActiveCfg = Release|Any CPU
		{0BF0173B-F0C7-42F1-B5F7-41957D042E2C}.Release|Any CPU.Build.0 = Release|Any CPU
		{73BD5439-9F9A-4DCB-A80E-6E3DCD0A0181}.Debug|Any CPU.ActiveCfg = Debug|Any CPU
		{73BD5439-9F9A-4DCB-A80E-6E3DCD0A0181}.Debug|Any CPU.Build.0 = Debug|Any CPU
		{73BD5439-9F9A-4DCB-A80E-6E3DCD0A0181}.Release|Any CPU.ActiveCfg = Release|Any CPU
		{73BD5439-9F9A-4DCB-A80E-6E3DCD0A0181}.Release|Any CPU.Build.0 = Release|Any CPU
		{7CB09497-418C-4FFC-B4BB-3FEE4630377C}.Debug|Any CPU.ActiveCfg = Debug|Any CPU
		{7CB09497-418C-4FFC-B4BB-3FEE4630377C}.Debug|Any CPU.Build.0 = Debug|Any CPU
		{7CB09497-418C-4FFC-B4BB-3FEE4630377C}.Release|Any CPU.ActiveCfg = Release|Any CPU
		{7CB09497-418C-4FFC-B4BB-3FEE4630377C}.Release|Any CPU.Build.0 = Release|Any CPU
		{6841607A-746C-42B4-94CC-98EC7C7AE08E}.Debug|Any CPU.ActiveCfg = Debug|Any CPU
		{6841607A-746C-42B4-94CC-98EC7C7AE08E}.Debug|Any CPU.Build.0 = Debug|Any CPU
		{6841607A-746C-42B4-94CC-98EC7C7AE08E}.Release|Any CPU.ActiveCfg = Release|Any CPU
		{6841607A-746C-42B4-94CC-98EC7C7AE08E}.Release|Any CPU.Build.0 = Release|Any CPU
		{B1ABD199-DBEE-49A9-9C5D-9E50147BCCA9}.Debug|Any CPU.ActiveCfg = Debug|Any CPU
		{B1ABD199-DBEE-49A9-9C5D-9E50147BCCA9}.Debug|Any CPU.Build.0 = Debug|Any CPU
		{B1ABD199-DBEE-49A9-9C5D-9E50147BCCA9}.Release|Any CPU.ActiveCfg = Release|Any CPU
		{B1ABD199-DBEE-49A9-9C5D-9E50147BCCA9}.Release|Any CPU.Build.0 = Release|Any CPU
		{A7109099-1ACD-4A70-9474-59AA5D9E6CE0}.Debug|Any CPU.ActiveCfg = Debug|Any CPU
		{A7109099-1ACD-4A70-9474-59AA5D9E6CE0}.Debug|Any CPU.Build.0 = Debug|Any CPU
		{A7109099-1ACD-4A70-9474-59AA5D9E6CE0}.Release|Any CPU.ActiveCfg = Release|Any CPU
		{A7109099-1ACD-4A70-9474-59AA5D9E6CE0}.Release|Any CPU.Build.0 = Release|Any CPU
		{133D3557-E5F8-4E85-825B-40E80EB67120}.Debug|Any CPU.ActiveCfg = Debug|Any CPU
		{133D3557-E5F8-4E85-825B-40E80EB67120}.Debug|Any CPU.Build.0 = Debug|Any CPU
		{133D3557-E5F8-4E85-825B-40E80EB67120}.Release|Any CPU.ActiveCfg = Release|Any CPU
		{133D3557-E5F8-4E85-825B-40E80EB67120}.Release|Any CPU.Build.0 = Release|Any CPU
		{44AD1F3A-A9DF-457E-B358-A0243184D775}.Debug|Any CPU.ActiveCfg = Debug|Any CPU
		{44AD1F3A-A9DF-457E-B358-A0243184D775}.Debug|Any CPU.Build.0 = Debug|Any CPU
		{44AD1F3A-A9DF-457E-B358-A0243184D775}.Release|Any CPU.ActiveCfg = Release|Any CPU
		{44AD1F3A-A9DF-457E-B358-A0243184D775}.Release|Any CPU.Build.0 = Release|Any CPU
		{2FF205FB-22AC-40B5-9607-FF1E86DBF685}.Debug|Any CPU.ActiveCfg = Debug|Any CPU
		{2FF205FB-22AC-40B5-9607-FF1E86DBF685}.Debug|Any CPU.Build.0 = Debug|Any CPU
		{2FF205FB-22AC-40B5-9607-FF1E86DBF685}.Release|Any CPU.ActiveCfg = Release|Any CPU
		{2FF205FB-22AC-40B5-9607-FF1E86DBF685}.Release|Any CPU.Build.0 = Release|Any CPU
		{56661C46-84AC-4810-ACDE-C91275560059}.Debug|Any CPU.ActiveCfg = Debug|Any CPU
		{56661C46-84AC-4810-ACDE-C91275560059}.Debug|Any CPU.Build.0 = Debug|Any CPU
		{56661C46-84AC-4810-ACDE-C91275560059}.Release|Any CPU.ActiveCfg = Release|Any CPU
		{56661C46-84AC-4810-ACDE-C91275560059}.Release|Any CPU.Build.0 = Release|Any CPU
		{3B890357-A8A9-4775-ABEA-5BC432654F10}.Debug|Any CPU.ActiveCfg = Debug|Any CPU
		{3B890357-A8A9-4775-ABEA-5BC432654F10}.Debug|Any CPU.Build.0 = Debug|Any CPU
		{3B890357-A8A9-4775-ABEA-5BC432654F10}.Release|Any CPU.ActiveCfg = Release|Any CPU
		{3B890357-A8A9-4775-ABEA-5BC432654F10}.Release|Any CPU.Build.0 = Release|Any CPU
	EndGlobalSection
	GlobalSection(SolutionProperties) = preSolution
		HideSolutionNode = FALSE
	EndGlobalSection
	GlobalSection(NestedProjects) = preSolution
		{03D28B26-6281-4BBA-8A13-B3DC4E502BB3} = {E4E0D993-538A-425B-84A4-78B0EA7F0E85}
		{AC73F963-6CC5-4370-AADF-CC68E12F72FC} = {E4E0D993-538A-425B-84A4-78B0EA7F0E85}
		{7CB09497-418C-4FFC-B4BB-3FEE4630377C} = {E4E0D993-538A-425B-84A4-78B0EA7F0E85}
		{A7109099-1ACD-4A70-9474-59AA5D9E6CE0} = {E4E0D993-538A-425B-84A4-78B0EA7F0E85}
		{3B890357-A8A9-4775-ABEA-5BC432654F10} = {E4E0D993-538A-425B-84A4-78B0EA7F0E85}
		{E1A15C95-A5CA-45B9-A850-9341DE2B416F} = {C5B3BD79-4846-4E61-B4E8-C8229710B5A9}
		{BA831EA9-2B69-4D05-BF93-A1A4618D408C} = {C5B3BD79-4846-4E61-B4E8-C8229710B5A9}
		{7DDED5E4-AA70-4CE5-B823-632ECBD6B61B} = {C5B3BD79-4846-4E61-B4E8-C8229710B5A9}
		{7D766DEF-62FA-48D2-8896-07976FDF1656} = {C5B3BD79-4846-4E61-B4E8-C8229710B5A9}
		{CE1D4327-9DFE-44D9-87F3-816D7C4BEB47} = {48133900-AF51-44A2-842F-96E79E56D66D}
		{41689037-A8EE-445A-A5D3-420CB9CD2F90} = {48133900-AF51-44A2-842F-96E79E56D66D}
		{133D3557-E5F8-4E85-825B-40E80EB67120} = {48133900-AF51-44A2-842F-96E79E56D66D}
		{2FF205FB-22AC-40B5-9607-FF1E86DBF685} = {48133900-AF51-44A2-842F-96E79E56D66D}
		{67C8E497-C98C-40DE-9E3F-26146E2499B3} = {4CFACC66-7851-4C67-BBB3-85B3F0A8D348}
		{7F3BD1CB-18D7-42C3-9BCD-7158FB440E9A} = {4CFACC66-7851-4C67-BBB3-85B3F0A8D348}
		{6841607A-746C-42B4-94CC-98EC7C7AE08E} = {4CFACC66-7851-4C67-BBB3-85B3F0A8D348}
		{44AD1F3A-A9DF-457E-B358-A0243184D775} = {953E8AF5-39B7-4801-A751-E2ACF8647596}
		{56661C46-84AC-4810-ACDE-C91275560059} = {953E8AF5-39B7-4801-A751-E2ACF8647596}
		{0BF0173B-F0C7-42F1-B5F7-41957D042E2C} = {B9E54DC5-AE8C-4155-A878-39D89D7E5A2D}
		{B1ABD199-DBEE-49A9-9C5D-9E50147BCCA9} = {B9E54DC5-AE8C-4155-A878-39D89D7E5A2D}
		{73BD5439-9F9A-4DCB-A80E-6E3DCD0A0181} = {5DE41A6B-D57C-4D41-8511-52710302BBF2}
	EndGlobalSection
EndGlobal
